PODS:
  - Alamofire (1.2.3)
  - Realm (0.93.2):
    - Realm/Headers (= 0.93.2)
  - Realm/Headers (0.93.2)
  - RealmSwift (0.93.2):
    - Realm (= 0.93.2)
  - SwiftyDropbox (0.2):
    - Alamofire (~> 1.2.0)

DEPENDENCIES:
  - RealmSwift
  - SwiftyDropbox (from `git@github.com:dropbox/SwiftyDropbox.git`, tag `0.2`)

EXTERNAL SOURCES:
  SwiftyDropbox:
    :git: git@github.com:dropbox/SwiftyDropbox.git
    :tag: '0.2'

CHECKOUT OPTIONS:
  SwiftyDropbox:
    :git: git@github.com:dropbox/SwiftyDropbox.git
    :tag: '0.2'

SPEC CHECKSUMS:
  Alamofire: 5550bf0b575ed1a4bf9be572f9463e1015cc169e
  Realm: 2fdd0ae74f730e190384e0338d8a0d3654df8220
  RealmSwift: 231b064da9f98b1c4f325fe1f1cb8756aae2b8d6
  SwiftyDropbox: 39d8914ba765d879eccac82691557e59c2d3fdb2

COCOAPODS: 0.37.2
