// !$*UTF8*$!
{
	archiveVersion = 1;
	classes = {
	};
	objectVersion = 46;
	objects = {

/* Begin PBXBuildFile section */
		3DA9AF8A8B8C25FE056EE9BA /* Pods.framework in Frameworks */ = {isa = PBXBuildFile; fileRef = 1B04D7993F9E605EE35BD78F /* Pods.framework */; settings = {ATTRIBUTES = (Weak, ); }; };
		BF38C9AE07B115ACB33ECDD6 /* Pods.framework in Frameworks */ = {isa = PBXBuildFile; fileRef = 1B04D7993F9E605EE35BD78F /* Pods.framework */; settings = {ATTRIBUTES = (Weak, ); }; };
		EA3743C21B4AF5E600DBF0A1 /* AddExpenseTests.swift in Sources */ = {isa = PBXBuildFile; fileRef = EA3743C11B4AF5E600DBF0A1 /* AddExpenseTests.swift */; };
		EA4B59BE1B472458000BE503 /* AppDelegate.swift in Sources */ = {isa = PBXBuildFile; fileRef = EA4B59BD1B472458000BE503 /* AppDelegate.swift */; };
		EA4B59C01B472458000BE503 /* ExpensesViewController.swift in Sources */ = {isa = PBXBuildFile; fileRef = EA4B59BF1B472458000BE503 /* ExpensesViewController.swift */; };
		EA4B59C31B472458000BE503 /* Main.storyboard in Resources */ = {isa = PBXBuildFile; fileRef = EA4B59C11B472458000BE503 /* Main.storyboard */; };
		EA4B59C51B472458000BE503 /* Images.xcassets in Resources */ = {isa = PBXBuildFile; fileRef = EA4B59C41B472458000BE503 /* Images.xcassets */; };
		EA4B59C81B472458000BE503 /* LaunchScreen.xib in Resources */ = {isa = PBXBuildFile; fileRef = EA4B59C61B472458000BE503 /* LaunchScreen.xib */; };
		EA4B884B1B49C02D002F0FAC /* ComposeExpenseViewController.swift in Sources */ = {isa = PBXBuildFile; fileRef = EA4B884A1B49C02D002F0FAC /* ComposeExpenseViewController.swift */; };
		EADE7A5C1B49B30A00D2DDA2 /* Expense.swift in Sources */ = {isa = PBXBuildFile; fileRef = EADE7A5B1B49B30A00D2DDA2 /* Expense.swift */; };
		EADE7A5E1B49B5BF00D2DDA2 /* ExpenseCell.swift in Sources */ = {isa = PBXBuildFile; fileRef = EADE7A5D1B49B5BF00D2DDA2 /* ExpenseCell.swift */; };
/* End PBXBuildFile section */

/* Begin PBXContainerItemProxy section */
		EA4B59CE1B472458000BE503 /* PBXContainerItemProxy */ = {
			isa = PBXContainerItemProxy;
			containerPortal = EA4B59B01B472457000BE503 /* Project object */;
			proxyType = 1;
			remoteGlobalIDString = EA4B59B71B472457000BE503;
			remoteInfo = "Expenses:2";
		};
/* End PBXContainerItemProxy section */

/* Begin PBXFileReference section */
		1B04D7993F9E605EE35BD78F /* Pods.framework */ = {isa = PBXFileReference; explicitFileType = wrapper.framework; includeInIndex = 0; path = Pods.framework; sourceTree = BUILT_PRODUCTS_DIR; };
		6D343559D24EBFBA61C084C6 /* Pods.debug.xcconfig */ = {isa = PBXFileReference; includeInIndex = 1; lastKnownFileType = text.xcconfig; name = Pods.debug.xcconfig; path = "Pods/Target Support Files/Pods/Pods.debug.xcconfig"; sourceTree = "<group>"; };
		BF6F2CD0CBBC936C01AD5D32 /* Pods.release.xcconfig */ = {isa = PBXFileReference; includeInIndex = 1; lastKnownFileType = text.xcconfig; name = Pods.release.xcconfig; path = "Pods/Target Support Files/Pods/Pods.release.xcconfig"; sourceTree = "<group>"; };
		EA01153E1B4752E700EA613C /* Alamofire.framework */ = {isa = PBXFileReference; lastKnownFileType = wrapper.framework; name = Alamofire.framework; path = "Pods/../build/Debug-iphoneos/Pods/Alamofire.framework"; sourceTree = "<group>"; };
		EA01153F1B4752E700EA613C /* SwiftyDropbox.framework */ = {isa = PBXFileReference; lastKnownFileType = wrapper.framework; name = SwiftyDropbox.framework; path = "Pods/../build/Debug-iphoneos/Pods/SwiftyDropbox.framework"; sourceTree = "<group>"; };
		EA3743C11B4AF5E600DBF0A1 /* AddExpenseTests.swift */ = {isa = PBXFileReference; fileEncoding = 4; lastKnownFileType = sourcecode.swift; path = AddExpenseTests.swift; sourceTree = "<group>"; };
		EA4B59B81B472457000BE503 /* Expenses:2.app */ = {isa = PBXFileReference; explicitFileType = wrapper.application; includeInIndex = 0; path = "Expenses:2.app"; sourceTree = BUILT_PRODUCTS_DIR; };
		EA4B59BC1B472457000BE503 /* Info.plist */ = {isa = PBXFileReference; lastKnownFileType = text.plist.xml; path = Info.plist; sourceTree = "<group>"; };
		EA4B59BD1B472458000BE503 /* AppDelegate.swift */ = {isa = PBXFileReference; lastKnownFileType = sourcecode.swift; path = AppDelegate.swift; sourceTree = "<group>"; };
		EA4B59BF1B472458000BE503 /* ExpensesViewController.swift */ = {isa = PBXFileReference; lastKnownFileType = sourcecode.swift; path = ExpensesViewController.swift; sourceTree = "<group>"; };
		EA4B59C21B472458000BE503 /* Base */ = {isa = PBXFileReference; lastKnownFileType = file.storyboard; name = Base; path = Base.lproj/Main.storyboard; sourceTree = "<group>"; };
		EA4B59C41B472458000BE503 /* Images.xcassets */ = {isa = PBXFileReference; lastKnownFileType = folder.assetcatalog; path = Images.xcassets; sourceTree = "<group>"; };
		EA4B59C71B472458000BE503 /* Base */ = {isa = PBXFileReference; lastKnownFileType = file.xib; name = Base; path = Base.lproj/LaunchScreen.xib; sourceTree = "<group>"; };
		EA4B59CD1B472458000BE503 /* Expenses:2Tests.xctest */ = {isa = PBXFileReference; explicitFileType = wrapper.cfbundle; includeInIndex = 0; path = "Expenses:2Tests.xctest"; sourceTree = BUILT_PRODUCTS_DIR; };
		EA4B59D21B472458000BE503 /* Info.plist */ = {isa = PBXFileReference; lastKnownFileType = text.plist.xml; path = Info.plist; sourceTree = "<group>"; };
		EA4B59D31B472458000BE503 /* DropboxTests.swift */ = {isa = PBXFileReference; lastKnownFileType = sourcecode.swift; path = DropboxTests.swift; sourceTree = "<group>"; };
		EA4B884A1B49C02D002F0FAC /* ComposeExpenseViewController.swift */ = {isa = PBXFileReference; fileEncoding = 4; lastKnownFileType = sourcecode.swift; path = ComposeExpenseViewController.swift; sourceTree = "<group>"; };
		EADE7A5B1B49B30A00D2DDA2 /* Expense.swift */ = {isa = PBXFileReference; fileEncoding = 4; lastKnownFileType = sourcecode.swift; path = Expense.swift; sourceTree = "<group>"; };
		EADE7A5D1B49B5BF00D2DDA2 /* ExpenseCell.swift */ = {isa = PBXFileReference; fileEncoding = 4; lastKnownFileType = sourcecode.swift; path = ExpenseCell.swift; sourceTree = "<group>"; };
		EAEFF59F1B4750B900C70CB1 /* Alamofire.framework */ = {isa = PBXFileReference; lastKnownFileType = wrapper.framework; name = Alamofire.framework; path = "Pods/../build/Debug-iphoneos/Pods/Alamofire.framework"; sourceTree = "<group>"; };
		EAEFF5A01B4750B900C70CB1 /* Pods.framework */ = {isa = PBXFileReference; lastKnownFileType = wrapper.framework; name = Pods.framework; path = "Pods/../build/Debug-iphoneos/Pods.framework"; sourceTree = "<group>"; };
		EAEFF5A11B4750B900C70CB1 /* SwiftyDropbox.framework */ = {isa = PBXFileReference; lastKnownFileType = wrapper.framework; name = SwiftyDropbox.framework; path = "Pods/../build/Debug-iphoneos/Pods/SwiftyDropbox.framework"; sourceTree = "<group>"; };
/* End PBXFileReference section */

/* Begin PBXFrameworksBuildPhase section */
		EA4B59B51B472457000BE503 /* Frameworks */ = {
			isa = PBXFrameworksBuildPhase;
			buildActionMask = 2147483647;
			files = (
				3DA9AF8A8B8C25FE056EE9BA /* Pods.framework in Frameworks */,
			);
			runOnlyForDeploymentPostprocessing = 0;
		};
		EA4B59CA1B472458000BE503 /* Frameworks */ = {
			isa = PBXFrameworksBuildPhase;
			buildActionMask = 2147483647;
			files = (
				BF38C9AE07B115ACB33ECDD6 /* Pods.framework in Frameworks */,
			);
			runOnlyForDeploymentPostprocessing = 0;
		};
/* End PBXFrameworksBuildPhase section */

/* Begin PBXGroup section */
		3A33C906E577FD2AF0800F6A /* Frameworks */ = {
			isa = PBXGroup;
			children = (
				EA01153E1B4752E700EA613C /* Alamofire.framework */,
				EA01153F1B4752E700EA613C /* SwiftyDropbox.framework */,
				EAEFF59F1B4750B900C70CB1 /* Alamofire.framework */,
				EAEFF5A01B4750B900C70CB1 /* Pods.framework */,
				EAEFF5A11B4750B900C70CB1 /* SwiftyDropbox.framework */,
				1B04D7993F9E605EE35BD78F /* Pods.framework */,
			);
			name = Frameworks;
			sourceTree = "<group>";
		};
		68E037ED2F197A68E588622C /* Pods */ = {
			isa = PBXGroup;
			children = (
				6D343559D24EBFBA61C084C6 /* Pods.debug.xcconfig */,
				BF6F2CD0CBBC936C01AD5D32 /* Pods.release.xcconfig */,
			);
			name = Pods;
			sourceTree = "<group>";
		};
		EA4B59AF1B472457000BE503 = {
			isa = PBXGroup;
			children = (
				EA4B59BA1B472457000BE503 /* Expenses:2 */,
				EA4B59D01B472458000BE503 /* Expenses:2Tests */,
				EA4B59B91B472457000BE503 /* Products */,
				68E037ED2F197A68E588622C /* Pods */,
				3A33C906E577FD2AF0800F6A /* Frameworks */,
			);
			sourceTree = "<group>";
		};
		EA4B59B91B472457000BE503 /* Products */ = {
			isa = PBXGroup;
			children = (
				EA4B59B81B472457000BE503 /* Expenses:2.app */,
				EA4B59CD1B472458000BE503 /* Expenses:2Tests.xctest */,
			);
			name = Products;
			sourceTree = "<group>";
		};
		EA4B59BA1B472457000BE503 /* Expenses:2 */ = {
			isa = PBXGroup;
			children = (
				EA4B59BD1B472458000BE503 /* AppDelegate.swift */,
				EADE7A5B1B49B30A00D2DDA2 /* Expense.swift */,
				EADE7A5D1B49B5BF00D2DDA2 /* ExpenseCell.swift */,
				EA4B59BF1B472458000BE503 /* ExpensesViewController.swift */,
				EA4B884A1B49C02D002F0FAC /* ComposeExpenseViewController.swift */,
				EA4B59C11B472458000BE503 /* Main.storyboard */,
				EA4B59BB1B472457000BE503 /* Supporting Files */,
			);
			path = "Expenses:2";
			sourceTree = "<group>";
		};
		EA4B59BB1B472457000BE503 /* Supporting Files */ = {
			isa = PBXGroup;
			children = (
				EA4B59C41B472458000BE503 /* Images.xcassets */,
				EA4B59C61B472458000BE503 /* LaunchScreen.xib */,
				EA4B59BC1B472457000BE503 /* Info.plist */,
			);
			name = "Supporting Files";
			sourceTree = "<group>";
		};
		EA4B59D01B472458000BE503 /* Expenses:2Tests */ = {
			isa = PBXGroup;
			children = (
				EA4B59D31B472458000BE503 /* DropboxTests.swift */,
				EA3743C11B4AF5E600DBF0A1 /* AddExpenseTests.swift */,
				EA4B59D11B472458000BE503 /* Supporting Files */,
			);
			path = "Expenses:2Tests";
			sourceTree = "<group>";
		};
		EA4B59D11B472458000BE503 /* Supporting Files */ = {
			isa = PBXGroup;
			children = (
				EA4B59D21B472458000BE503 /* Info.plist */,
			);
			name = "Supporting Files";
			sourceTree = "<group>";
		};
/* End PBXGroup section */

/* Begin PBXNativeTarget section */
		EA4B59B71B472457000BE503 /* Expenses:2 */ = {
			isa = PBXNativeTarget;
			buildConfigurationList = EA4B59D71B472458000BE503 /* Build configuration list for PBXNativeTarget "Expenses:2" */;
			buildPhases = (
				914E82A27E4ED15BCFBA9A5B /* Check Pods Manifest.lock */,
				EA4B59B41B472457000BE503 /* Sources */,
				EA4B59B51B472457000BE503 /* Frameworks */,
				EA4B59B61B472457000BE503 /* Resources */,
				38239D387A0674A928066386 /* Embed Pods Frameworks */,
				D29146E19108AC7FBB8CE1FD /* Copy Pods Resources */,
			);
			buildRules = (
			);
			dependencies = (
			);
			name = "Expenses:2";
			productName = "Expenses:2";
			productReference = EA4B59B81B472457000BE503 /* Expenses:2.app */;
			productType = "com.apple.product-type.application";
		};
		EA4B59CC1B472458000BE503 /* Expenses:2Tests */ = {
			isa = PBXNativeTarget;
			buildConfigurationList = EA4B59DA1B472458000BE503 /* Build configuration list for PBXNativeTarget "Expenses:2Tests" */;
			buildPhases = (
				A72F9E8A54808EE34E15939A /* Check Pods Manifest.lock */,
				EA4B59C91B472458000BE503 /* Sources */,
				EA4B59CA1B472458000BE503 /* Frameworks */,
				EA4B59CB1B472458000BE503 /* Resources */,
				F358E9D21D7EA7B7E7016C00 /* Embed Pods Frameworks */,
				6C7E431FC6341844542F0D53 /* Copy Pods Resources */,
			);
			buildRules = (
			);
			dependencies = (
				EA4B59CF1B472458000BE503 /* PBXTargetDependency */,
			);
			name = "Expenses:2Tests";
			productName = "Expenses:2Tests";
			productReference = EA4B59CD1B472458000BE503 /* Expenses:2Tests.xctest */;
			productType = "com.apple.product-type.bundle.unit-test";
		};
/* End PBXNativeTarget section */

/* Begin PBXProject section */
		EA4B59B01B472457000BE503 /* Project object */ = {
			isa = PBXProject;
			attributes = {
				LastUpgradeCheck = 0640;
				ORGANIZATIONNAME = TM;
				TargetAttributes = {
					EA4B59B71B472457000BE503 = {
						CreatedOnToolsVersion = 6.4;
					};
					EA4B59CC1B472458000BE503 = {
						CreatedOnToolsVersion = 6.4;
						TestTargetID = EA4B59B71B472457000BE503;
					};
				};
			};
			buildConfigurationList = EA4B59B31B472457000BE503 /* Build configuration list for PBXProject "Expenses:2" */;
			compatibilityVersion = "Xcode 3.2";
			developmentRegion = English;
			hasScannedForEncodings = 0;
			knownRegions = (
				en,
				Base,
			);
			mainGroup = EA4B59AF1B472457000BE503;
			productRefGroup = EA4B59B91B472457000BE503 /* Products */;
			projectDirPath = "";
			projectRoot = "";
			targets = (
				EA4B59B71B472457000BE503 /* Expenses:2 */,
				EA4B59CC1B472458000BE503 /* Expenses:2Tests */,
			);
		};
/* End PBXProject section */

/* Begin PBXResourcesBuildPhase section */
		EA4B59B61B472457000BE503 /* Resources */ = {
			isa = PBXResourcesBuildPhase;
			buildActionMask = 2147483647;
			files = (
				EA4B59C31B472458000BE503 /* Main.storyboard in Resources */,
				EA4B59C81B472458000BE503 /* LaunchScreen.xib in Resources */,
				EA4B59C51B472458000BE503 /* Images.xcassets in Resources */,
			);
			runOnlyForDeploymentPostprocessing = 0;
		};
		EA4B59CB1B472458000BE503 /* Resources */ = {
			isa = PBXResourcesBuildPhase;
			buildActionMask = 2147483647;
			files = (
			);
			runOnlyForDeploymentPostprocessing = 0;
		};
/* End PBXResourcesBuildPhase section */

/* Begin PBXShellScriptBuildPhase section */
		38239D387A0674A928066386 /* Embed Pods Frameworks */ = {
			isa = PBXShellScriptBuildPhase;
			buildActionMask = 2147483647;
			files = (
			);
			inputPaths = (
			);
			name = "Embed Pods Frameworks";
			outputPaths = (
			);
			runOnlyForDeploymentPostprocessing = 0;
			shellPath = /bin/sh;
			shellScript = "\"${SRCROOT}/Pods/Target Support Files/Pods/Pods-frameworks.sh\"\n";
			showEnvVarsInLog = 0;
		};
		6C7E431FC6341844542F0D53 /* Copy Pods Resources */ = {
			isa = PBXShellScriptBuildPhase;
			buildActionMask = 2147483647;
			files = (
			);
			inputPaths = (
			);
			name = "Copy Pods Resources";
			outputPaths = (
			);
			runOnlyForDeploymentPostprocessing = 0;
			shellPath = /bin/sh;
			shellScript = "\"${SRCROOT}/Pods/Target Support Files/Pods/Pods-resources.sh\"\n";
			showEnvVarsInLog = 0;
		};
		914E82A27E4ED15BCFBA9A5B /* Check Pods Manifest.lock */ = {
			isa = PBXShellScriptBuildPhase;
			buildActionMask = 2147483647;
			files = (
			);
			inputPaths = (
			);
			name = "Check Pods Manifest.lock";
			outputPaths = (
			);
			runOnlyForDeploymentPostprocessing = 0;
			shellPath = /bin/sh;
			shellScript = "diff \"${PODS_ROOT}/../Podfile.lock\" \"${PODS_ROOT}/Manifest.lock\" > /dev/null\nif [[ $? != 0 ]] ; then\n    cat << EOM\nerror: The sandbox is not in sync with the Podfile.lock. Run 'pod install' or update your CocoaPods installation.\nEOM\n    exit 1\nfi\n";
			showEnvVarsInLog = 0;
		};
		A72F9E8A54808EE34E15939A /* Check Pods Manifest.lock */ = {
			isa = PBXShellScriptBuildPhase;
			buildActionMask = 2147483647;
			files = (
			);
			inputPaths = (
			);
			name = "Check Pods Manifest.lock";
			outputPaths = (
			);
			runOnlyForDeploymentPostprocessing = 0;
			shellPath = /bin/sh;
			shellScript = "diff \"${PODS_ROOT}/../Podfile.lock\" \"${PODS_ROOT}/Manifest.lock\" > /dev/null\nif [[ $? != 0 ]] ; then\n    cat << EOM\nerror: The sandbox is not in sync with the Podfile.lock. Run 'pod install' or update your CocoaPods installation.\nEOM\n    exit 1\nfi\n";
			showEnvVarsInLog = 0;
		};
		D29146E19108AC7FBB8CE1FD /* Copy Pods Resources */ = {
			isa = PBXShellScriptBuildPhase;
			buildActionMask = 2147483647;
			files = (
			);
			inputPaths = (
			);
			name = "Copy Pods Resources";
			outputPaths = (
			);
			runOnlyForDeploymentPostprocessing = 0;
			shellPath = /bin/sh;
			shellScript = "\"${SRCROOT}/Pods/Target Support Files/Pods/Pods-resources.sh\"\n";
			showEnvVarsInLog = 0;
		};
		F358E9D21D7EA7B7E7016C00 /* Embed Pods Frameworks */ = {
			isa = PBXShellScriptBuildPhase;
			buildActionMask = 2147483647;
			files = (
			);
			inputPaths = (
			);
			name = "Embed Pods Frameworks";
			outputPaths = (
			);
			runOnlyForDeploymentPostprocessing = 0;
			shellPath = /bin/sh;
			shellScript = "\"${SRCROOT}/Pods/Target Support Files/Pods/Pods-frameworks.sh\"\n";
			showEnvVarsInLog = 0;
		};
/* End PBXShellScriptBuildPhase section */

/* Begin PBXSourcesBuildPhase section */
		EA4B59B41B472457000BE503 /* Sources */ = {
			isa = PBXSourcesBuildPhase;
			buildActionMask = 2147483647;
			files = (
				EA4B884B1B49C02D002F0FAC /* ComposeExpenseViewController.swift in Sources */,
				EADE7A5E1B49B5BF00D2DDA2 /* ExpenseCell.swift in Sources */,
				EADE7A5C1B49B30A00D2DDA2 /* Expense.swift in Sources */,
				EA4B59C01B472458000BE503 /* ExpensesViewController.swift in Sources */,
				EA4B59BE1B472458000BE503 /* AppDelegate.swift in Sources */,
			);
			runOnlyForDeploymentPostprocessing = 0;
		};
		EA4B59C91B472458000BE503 /* Sources */ = {
			isa = PBXSourcesBuildPhase;
			buildActionMask = 2147483647;
			files = (
				EA3743C21B4AF5E600DBF0A1 /* AddExpenseTests.swift in Sources */,
			);
			runOnlyForDeploymentPostprocessing = 0;
		};
/* End PBXSourcesBuildPhase section */

/* Begin PBXTargetDependency section */
		EA4B59CF1B472458000BE503 /* PBXTargetDependency */ = {
			isa = PBXTargetDependency;
			target = EA4B59B71B472457000BE503 /* Expenses:2 */;
			targetProxy = EA4B59CE1B472458000BE503 /* PBXContainerItemProxy */;
		};
/* End PBXTargetDependency section */

/* Begin PBXVariantGroup section */
		EA4B59C11B472458000BE503 /* Main.storyboard */ = {
			isa = PBXVariantGroup;
			children = (
				EA4B59C21B472458000BE503 /* Base */,
			);
			name = Main.storyboard;
			sourceTree = "<group>";
		};
		EA4B59C61B472458000BE503 /* LaunchScreen.xib */ = {
			isa = PBXVariantGroup;
			children = (
				EA4B59C71B472458000BE503 /* Base */,
			);
			name = LaunchScreen.xib;
			sourceTree = "<group>";
		};
/* End PBXVariantGroup section */

/* Begin XCBuildConfiguration section */
		EA4B59D51B472458000BE503 /* Debug */ = {
			isa = XCBuildConfiguration;
			buildSettings = {
				ALWAYS_SEARCH_USER_PATHS = NO;
				CLANG_CXX_LANGUAGE_STANDARD = "gnu++0x";
				CLANG_CXX_LIBRARY = "libc++";
				CLANG_ENABLE_MODULES = YES;
				CLANG_ENABLE_OBJC_ARC = YES;
				CLANG_WARN_BOOL_CONVERSION = YES;
				CLANG_WARN_CONSTANT_CONVERSION = YES;
				CLANG_WARN_DIRECT_OBJC_ISA_USAGE = YES_ERROR;
				CLANG_WARN_EMPTY_BODY = YES;
				CLANG_WARN_ENUM_CONVERSION = YES;
				CLANG_WARN_INT_CONVERSION = YES;
				CLANG_WARN_OBJC_ROOT_CLASS = YES_ERROR;
				CLANG_WARN_UNREACHABLE_CODE = YES;
				CLANG_WARN__DUPLICATE_METHOD_MATCH = YES;
				"CODE_SIGN_IDENTITY[sdk=iphoneos*]" = "iPhone Developer";
				COPY_PHASE_STRIP = NO;
				DEBUG_INFORMATION_FORMAT = "dwarf-with-dsym";
				ENABLE_STRICT_OBJC_MSGSEND = YES;
				GCC_C_LANGUAGE_STANDARD = gnu99;
				GCC_DYNAMIC_NO_PIC = NO;
				GCC_NO_COMMON_BLOCKS = YES;
				GCC_OPTIMIZATION_LEVEL = 0;
				GCC_PREPROCESSOR_DEFINITIONS = (
					"DEBUG=1",
					"$(inherited)",
				);
				GCC_SYMBOLS_PRIVATE_EXTERN = NO;
				GCC_WARN_64_TO_32_BIT_CONVERSION = YES;
				GCC_WARN_ABOUT_RETURN_TYPE = YES_ERROR;
				GCC_WARN_UNDECLARED_SELECTOR = YES;
				GCC_WARN_UNINITIALIZED_AUTOS = YES_AGGRESSIVE;
				GCC_WARN_UNUSED_FUNCTION = YES;
				GCC_WARN_UNUSED_VARIABLE = YES;
				IPHONEOS_DEPLOYMENT_TARGET = 8.0;
				MTL_ENABLE_DEBUG_INFO = YES;
				ONLY_ACTIVE_ARCH = YES;
				SDKROOT = iphoneos;
				SWIFT_OPTIMIZATION_LEVEL = "-Onone";
				TARGETED_DEVICE_FAMILY = "1,2";
			};
			name = Debug;
		};
		EA4B59D61B472458000BE503 /* Release */ = {
			isa = XCBuildConfiguration;
			buildSettings = {
				ALWAYS_SEARCH_USER_PATHS = NO;
				CLANG_CXX_LANGUAGE_STANDARD = "gnu++0x";
				CLANG_CXX_LIBRARY = "libc++";
				CLANG_ENABLE_MODULES = YES;
				CLANG_ENABLE_OBJC_ARC = YES;
				CLANG_WARN_BOOL_CONVERSION = YES;
				CLANG_WARN_CONSTANT_CONVERSION = YES;
				CLANG_WARN_DIRECT_OBJC_ISA_USAGE = YES_ERROR;
				CLANG_WARN_EMPTY_BODY = YES;
				CLANG_WARN_ENUM_CONVERSION = YES;
				CLANG_WARN_INT_CONVERSION = YES;
				CLANG_WARN_OBJC_ROOT_CLASS = YES_ERROR;
				CLANG_WARN_UNREACHABLE_CODE = YES;
				CLANG_WARN__DUPLICATE_METHOD_MATCH = YES;
				"CODE_SIGN_IDENTITY[sdk=iphoneos*]" = "iPhone Developer";
				COPY_PHASE_STRIP = NO;
				DEBUG_INFORMATION_FORMAT = "dwarf-with-dsym";
				ENABLE_NS_ASSERTIONS = NO;
				ENABLE_STRICT_OBJC_MSGSEND = YES;
				GCC_C_LANGUAGE_STANDARD = gnu99;
				GCC_NO_COMMON_BLOCKS = YES;
				GCC_WARN_64_TO_32_BIT_CONVERSION = YES;
				GCC_WARN_ABOUT_RETURN_TYPE = YES_ERROR;
				GCC_WARN_UNDECLARED_SELECTOR = YES;
				GCC_WARN_UNINITIALIZED_AUTOS = YES_AGGRESSIVE;
				GCC_WARN_UNUSED_FUNCTION = YES;
				GCC_WARN_UNUSED_VARIABLE = YES;
				IPHONEOS_DEPLOYMENT_TARGET = 8.0;
				MTL_ENABLE_DEBUG_INFO = NO;
				SDKROOT = iphoneos;
				TARGETED_DEVICE_FAMILY = "1,2";
				VALIDATE_PRODUCT = YES;
			};
			name = Release;
		};
		EA4B59D81B472458000BE503 /* Debug */ = {
			isa = XCBuildConfiguration;
			baseConfigurationReference = 6D343559D24EBFBA61C084C6 /* Pods.debug.xcconfig */;
			buildSettings = {
				ASSETCATALOG_COMPILER_APPICON_NAME = AppIcon;
				FRAMEWORK_SEARCH_PATHS = (
					"$(inherited)",
					"$(PROJECT_DIR)/build/Debug-iphoneos/Pods",
					"$(PROJECT_DIR)/build/Debug-iphoneos",
				);
				INFOPLIST_FILE = "Expenses:2/Info.plist";
				IPHONEOS_DEPLOYMENT_TARGET = 8.0;
				LD_RUNPATH_SEARCH_PATHS = "$(inherited) @executable_path/Frameworks";
				PRODUCT_NAME = "$(TARGET_NAME)";
			};
			name = Debug;
		};
		EA4B59D91B472458000BE503 /* Release */ = {
			isa = XCBuildConfiguration;
			baseConfigurationReference = BF6F2CD0CBBC936C01AD5D32 /* Pods.release.xcconfig */;
			buildSettings = {
				ASSETCATALOG_COMPILER_APPICON_NAME = AppIcon;
				FRAMEWORK_SEARCH_PATHS = (
					"$(inherited)",
					"$(PROJECT_DIR)/build/Debug-iphoneos/Pods",
					"$(PROJECT_DIR)/build/Debug-iphoneos",
				);
				INFOPLIST_FILE = "Expenses:2/Info.plist";
				IPHONEOS_DEPLOYMENT_TARGET = 8.0;
				LD_RUNPATH_SEARCH_PATHS = "$(inherited) @executable_path/Frameworks";
				PRODUCT_NAME = "$(TARGET_NAME)";
			};
			name = Release;
		};
		EA4B59DB1B472458000BE503 /* Debug */ = {
			isa = XCBuildConfiguration;
			baseConfigurationReference = 6D343559D24EBFBA61C084C6 /* Pods.debug.xcconfig */;
			buildSettings = {
				BUNDLE_LOADER = "$(TEST_HOST)";
				CLANG_ENABLE_MODULES = YES;
				FRAMEWORK_SEARCH_PATHS = (
					"$(SDKROOT)/Developer/Library/Frameworks",
					"$(inherited)",
					"$(PROJECT_DIR)/build/Debug-iphoneos/Pods",
					"$(PROJECT_DIR)/build/Debug-iphoneos",
				);
				GCC_PREPROCESSOR_DEFINITIONS = (
					"DEBUG=1",
					"$(inherited)",
				);
				INFOPLIST_FILE = "Expenses:2Tests/Info.plist";
				LD_RUNPATH_SEARCH_PATHS = "$(inherited) @executable_path/Frameworks @loader_path/Frameworks";
				PRODUCT_NAME = "$(TARGET_NAME)";
				SWIFT_OPTIMIZATION_LEVEL = "-Onone";
				TEST_HOST = "$(BUILT_PRODUCTS_DIR)/Expenses:2.app/Expenses:2";
			};
			name = Debug;
		};
		EA4B59DC1B472458000BE503 /* Release */ = {
			isa = XCBuildConfiguration;
			baseConfigurationReference = BF6F2CD0CBBC936C01AD5D32 /* Pods.release.xcconfig */;
			buildSettings = {
				BUNDLE_LOADER = "$(TEST_HOST)";
				CLANG_ENABLE_MODULES = YES;
				FRAMEWORK_SEARCH_PATHS = (
					"$(SDKROOT)/Developer/Library/Frameworks",
					"$(inherited)",
					"$(PROJECT_DIR)/build/Debug-iphoneos/Pods",
					"$(PROJECT_DIR)/build/Debug-iphoneos",
				);
				INFOPLIST_FILE = "Expenses:2Tests/Info.plist";
				LD_RUNPATH_SEARCH_PATHS = "$(inherited) @executable_path/Frameworks @loader_path/Frameworks";
				PRODUCT_NAME = "$(TARGET_NAME)";
				TEST_HOST = "$(BUILT_PRODUCTS_DIR)/Expenses:2.app/Expenses:2";
			};
			name = Release;
		};
/* End XCBuildConfiguration section */

/* Begin XCConfigurationList section */
		EA4B59B31B472457000BE503 /* Build configuration list for PBXProject "Expenses:2" */ = {
			isa = XCConfigurationList;
			buildConfigurations = (
				EA4B59D51B472458000BE503 /* Debug */,
				EA4B59D61B472458000BE503 /* Release */,
			);
			defaultConfigurationIsVisible = 0;
			defaultConfigurationName = Release;
		};
		EA4B59D71B472458000BE503 /* Build configuration list for PBXNativeTarget "Expenses:2" */ = {
			isa = XCConfigurationList;
			buildConfigurations = (
				EA4B59D81B472458000BE503 /* Debug */,
				EA4B59D91B472458000BE503 /* Release */,
			);
			defaultConfigurationIsVisible = 0;
			defaultConfigurationName = Release;
		};
		EA4B59DA1B472458000BE503 /* Build configuration list for PBXNativeTarget "Expenses:2Tests" */ = {
			isa = XCConfigurationList;
			buildConfigurations = (
				EA4B59DB1B472458000BE503 /* Debug */,
				EA4B59DC1B472458000BE503 /* Release */,
			);
			defaultConfigurationIsVisible = 0;
			defaultConfigurationName = Release;
		};
/* End XCConfigurationList section */
	};
	rootObject = EA4B59B01B472457000BE503 /* Project object */;
}
