// !$*UTF8*$!
{
	archiveVersion = 1;
	classes = {
	};
	objectVersion = 46;
	objects = {

/* Begin PBXBuildFile section */
		4B3ADD5DE8E5911DA477B05B /* Pods.framework in Frameworks */ = {isa = PBXBuildFile; fileRef = 1B04D7993F9E605EE35BD78F /* Pods.framework */; settings = {ATTRIBUTES = (Weak, ); }; };
		E6251210A9C0DDD8FA236AC8 /* Pods.framework in Frameworks */ = {isa = PBXBuildFile; fileRef = 1B04D7993F9E605EE35BD78F /* Pods.framework */; settings = {ATTRIBUTES = (Weak, ); }; };
		EA0B5F161B4D95B8007B91FE /* BalanceTests.swift in Sources */ = {isa = PBXBuildFile; fileRef = EA0B5F151B4D95B8007B91FE /* BalanceTests.swift */; };
		EA0B5F181B4D95C8007B91FE /* Constants.swift in Sources */ = {isa = PBXBuildFile; fileRef = EA0B5F171B4D95C8007B91FE /* Constants.swift */; };
		EA0B5F1C1B4D97D4007B91FE /* Balance.swift in Sources */ = {isa = PBXBuildFile; fileRef = EA0B5F1B1B4D97D4007B91FE /* Balance.swift */; };
		EA0B5F281B4DAE25007B91FE /* Localizable.strings in Resources */ = {isa = PBXBuildFile; fileRef = EA0B5F2A1B4DAE25007B91FE /* Localizable.strings */; };
		EA0B5F2C1B4DAF24007B91FE /* Constants.swift in Sources */ = {isa = PBXBuildFile; fileRef = EA0B5F171B4D95C8007B91FE /* Constants.swift */; };
		EA0B5F2E1B4DB724007B91FE /* ExpensesTableViewCell.swift in Sources */ = {isa = PBXBuildFile; fileRef = EA0B5F2D1B4DB724007B91FE /* ExpensesTableViewCell.swift */; };
		EA210A1D1B55B1710060711F /* DoubleExtension.swift in Sources */ = {isa = PBXBuildFile; fileRef = EA9F106B1B518B0C0065FA37 /* DoubleExtension.swift */; };
		EA877CD81B4B0BD100F4B4E8 /* AppDelegate.swift in Sources */ = {isa = PBXBuildFile; fileRef = EA877CCB1B4B0BD100F4B4E8 /* AppDelegate.swift */; };
		EA877CD91B4B0BD100F4B4E8 /* LaunchScreen.xib in Resources */ = {isa = PBXBuildFile; fileRef = EA877CCD1B4B0BD100F4B4E8 /* LaunchScreen.xib */; };
		EA877CDB1B4B0BD100F4B4E8 /* ComposeExpenseViewController.swift in Sources */ = {isa = PBXBuildFile; fileRef = EA877CD11B4B0BD100F4B4E8 /* ComposeExpenseViewController.swift */; };
		EA877CDC1B4B0BD100F4B4E8 /* Expense.swift in Sources */ = {isa = PBXBuildFile; fileRef = EA877CD21B4B0BD100F4B4E8 /* Expense.swift */; };
		EA877CDE1B4B0BD100F4B4E8 /* ExpensesViewController.swift in Sources */ = {isa = PBXBuildFile; fileRef = EA877CD41B4B0BD100F4B4E8 /* ExpensesViewController.swift */; };
		EA877CDF1B4B0BD100F4B4E8 /* Images.xcassets in Resources */ = {isa = PBXBuildFile; fileRef = EA877CD51B4B0BD100F4B4E8 /* Images.xcassets */; };
		EA877CE11B4B0BD100F4B4E8 /* StringExtension.swift in Sources */ = {isa = PBXBuildFile; fileRef = EA877CD71B4B0BD100F4B4E8 /* StringExtension.swift */; };
		EA877CE81B4B0BF800F4B4E8 /* ConvertAmountTests.swift in Sources */ = {isa = PBXBuildFile; fileRef = EA877CE21B4B0BED00F4B4E8 /* ConvertAmountTests.swift */; };
		EA877CEB1B4B0C3D00F4B4E8 /* StringExtension.swift in Sources */ = {isa = PBXBuildFile; fileRef = EA877CD71B4B0BD100F4B4E8 /* StringExtension.swift */; };
		EA8CB7431B4DBE1F002BB1EC /* Main.storyboard in Resources */ = {isa = PBXBuildFile; fileRef = EA8CB7411B4DBE1F002BB1EC /* Main.storyboard */; };
		EA96DD371B5ADE2E000A07AB /* DropboxSDK.framework in Frameworks */ = {isa = PBXBuildFile; fileRef = EA96DD361B5ADE2E000A07AB /* DropboxSDK.framework */; };
		EA96DD381B5ADE41000A07AB /* DropboxSDK.framework in Frameworks */ = {isa = PBXBuildFile; fileRef = EA96DD361B5ADE2E000A07AB /* DropboxSDK.framework */; };
		EA9F106A1B51894B0065FA37 /* TextFieldShouldReturn.swift in Sources */ = {isa = PBXBuildFile; fileRef = EA9F10691B51894B0065FA37 /* TextFieldShouldReturn.swift */; };
		EA9F106C1B518B0C0065FA37 /* DoubleExtension.swift in Sources */ = {isa = PBXBuildFile; fileRef = EA9F106B1B518B0C0065FA37 /* DoubleExtension.swift */; };
		EAC3547B1B4BA2060088ACF7 /* SettingsViewController.swift in Sources */ = {isa = PBXBuildFile; fileRef = EAC3547A1B4BA2060088ACF7 /* SettingsViewController.swift */; };
		EAF9B1C61B4F11AF0065905E /* RealmUtilities.swift in Sources */ = {isa = PBXBuildFile; fileRef = EAF9B1C51B4F11AF0065905E /* RealmUtilities.swift */; };
/* End PBXBuildFile section */

/* Begin PBXContainerItemProxy section */
		EA4B59CE1B472458000BE503 /* PBXContainerItemProxy */ = {
			isa = PBXContainerItemProxy;
			containerPortal = EA4B59B01B472457000BE503 /* Project object */;
			proxyType = 1;
			remoteGlobalIDString = EA4B59B71B472457000BE503;
			remoteInfo = "Expenses:2";
		};
/* End PBXContainerItemProxy section */

/* Begin PBXFileReference section */
		1B04D7993F9E605EE35BD78F /* Pods.framework */ = {isa = PBXFileReference; explicitFileType = wrapper.framework; includeInIndex = 0; path = Pods.framework; sourceTree = BUILT_PRODUCTS_DIR; };
		6D343559D24EBFBA61C084C6 /* Pods.debug.xcconfig */ = {isa = PBXFileReference; includeInIndex = 1; lastKnownFileType = text.xcconfig; name = Pods.debug.xcconfig; path = "Pods/Target Support Files/Pods/Pods.debug.xcconfig"; sourceTree = "<group>"; };
		BF6F2CD0CBBC936C01AD5D32 /* Pods.release.xcconfig */ = {isa = PBXFileReference; includeInIndex = 1; lastKnownFileType = text.xcconfig; name = Pods.release.xcconfig; path = "Pods/Target Support Files/Pods/Pods.release.xcconfig"; sourceTree = "<group>"; };
		EA01153E1B4752E700EA613C /* Alamofire.framework */ = {isa = PBXFileReference; lastKnownFileType = wrapper.framework; name = Alamofire.framework; path = "Pods/../build/Debug-iphoneos/Pods/Alamofire.framework"; sourceTree = "<group>"; };
		EA01153F1B4752E700EA613C /* SwiftyDropbox.framework */ = {isa = PBXFileReference; lastKnownFileType = wrapper.framework; name = SwiftyDropbox.framework; path = "Pods/../build/Debug-iphoneos/Pods/SwiftyDropbox.framework"; sourceTree = "<group>"; };
		EA0B5F151B4D95B8007B91FE /* BalanceTests.swift */ = {isa = PBXFileReference; fileEncoding = 4; lastKnownFileType = sourcecode.swift; lineEnding = 0; name = BalanceTests.swift; path = ExpensesTests/BalanceTests.swift; sourceTree = SOURCE_ROOT; xcLanguageSpecificationIdentifier = xcode.lang.swift; };
		EA0B5F171B4D95C8007B91FE /* Constants.swift */ = {isa = PBXFileReference; fileEncoding = 4; lastKnownFileType = sourcecode.swift; lineEnding = 0; name = Constants.swift; path = Expenses/Constants.swift; sourceTree = SOURCE_ROOT; xcLanguageSpecificationIdentifier = xcode.lang.swift; };
		EA0B5F1B1B4D97D4007B91FE /* Balance.swift */ = {isa = PBXFileReference; fileEncoding = 4; lastKnownFileType = sourcecode.swift; lineEnding = 0; name = Balance.swift; path = Expenses/Balance.swift; sourceTree = SOURCE_ROOT; xcLanguageSpecificationIdentifier = xcode.lang.swift; };
		EA0B5F291B4DAE25007B91FE /* Base */ = {isa = PBXFileReference; lastKnownFileType = text.plist.strings; name = Base; path = Base.lproj/Localizable.strings; sourceTree = "<group>"; };
		EA0B5F2D1B4DB724007B91FE /* ExpensesTableViewCell.swift */ = {isa = PBXFileReference; fileEncoding = 4; lastKnownFileType = sourcecode.swift; name = ExpensesTableViewCell.swift; path = Expenses/ExpensesTableViewCell.swift; sourceTree = SOURCE_ROOT; };
		EA4B59B81B472457000BE503 /* ExpensesBy2.app */ = {isa = PBXFileReference; explicitFileType = wrapper.application; includeInIndex = 0; path = ExpensesBy2.app; sourceTree = BUILT_PRODUCTS_DIR; };
		EA4B59CD1B472458000BE503 /* ExpensesTests.xctest */ = {isa = PBXFileReference; explicitFileType = wrapper.cfbundle; includeInIndex = 0; path = ExpensesTests.xctest; sourceTree = BUILT_PRODUCTS_DIR; };
		EA877CCB1B4B0BD100F4B4E8 /* AppDelegate.swift */ = {isa = PBXFileReference; fileEncoding = 4; lastKnownFileType = sourcecode.swift; name = AppDelegate.swift; path = Expenses/AppDelegate.swift; sourceTree = SOURCE_ROOT; };
		EA877CCE1B4B0BD100F4B4E8 /* Base */ = {isa = PBXFileReference; lastKnownFileType = file.xib; name = Base; path = LaunchScreen.xib; sourceTree = "<group>"; };
		EA877CD11B4B0BD100F4B4E8 /* ComposeExpenseViewController.swift */ = {isa = PBXFileReference; fileEncoding = 4; lastKnownFileType = sourcecode.swift; lineEnding = 0; name = ComposeExpenseViewController.swift; path = Expenses/ComposeExpenseViewController.swift; sourceTree = SOURCE_ROOT; xcLanguageSpecificationIdentifier = xcode.lang.swift; };
		EA877CD21B4B0BD100F4B4E8 /* Expense.swift */ = {isa = PBXFileReference; fileEncoding = 4; lastKnownFileType = sourcecode.swift; lineEnding = 0; name = Expense.swift; path = "/Users/martinho/Desktop/Expenses/Expenses:2/../Expenses/Expense.swift"; sourceTree = "<absolute>"; xcLanguageSpecificationIdentifier = xcode.lang.swift; };
		EA877CD41B4B0BD100F4B4E8 /* ExpensesViewController.swift */ = {isa = PBXFileReference; fileEncoding = 4; lastKnownFileType = sourcecode.swift; lineEnding = 0; name = ExpensesViewController.swift; path = Expenses/ExpensesViewController.swift; sourceTree = SOURCE_ROOT; xcLanguageSpecificationIdentifier = xcode.lang.swift; };
		EA877CD51B4B0BD100F4B4E8 /* Images.xcassets */ = {isa = PBXFileReference; lastKnownFileType = folder.assetcatalog; name = Images.xcassets; path = Expenses/Images.xcassets; sourceTree = SOURCE_ROOT; };
		EA877CD61B4B0BD100F4B4E8 /* Info.plist */ = {isa = PBXFileReference; fileEncoding = 4; lastKnownFileType = text.plist.xml; name = Info.plist; path = Expenses/Info.plist; sourceTree = SOURCE_ROOT; };
		EA877CD71B4B0BD100F4B4E8 /* StringExtension.swift */ = {isa = PBXFileReference; fileEncoding = 4; lastKnownFileType = sourcecode.swift; name = StringExtension.swift; path = Expenses/StringExtension.swift; sourceTree = SOURCE_ROOT; };
		EA877CE21B4B0BED00F4B4E8 /* ConvertAmountTests.swift */ = {isa = PBXFileReference; fileEncoding = 4; lastKnownFileType = sourcecode.swift; name = ConvertAmountTests.swift; path = ExpensesTests/ConvertAmountTests.swift; sourceTree = SOURCE_ROOT; };
		EA877CE41B4B0BED00F4B4E8 /* Info.plist */ = {isa = PBXFileReference; fileEncoding = 4; lastKnownFileType = text.plist.xml; name = Info.plist; path = ExpensesTests/Info.plist; sourceTree = SOURCE_ROOT; };
		EA8CB7421B4DBE1F002BB1EC /* Base */ = {isa = PBXFileReference; lastKnownFileType = file.storyboard; name = Base; path = Expenses/Base.lproj/Main.storyboard; sourceTree = SOURCE_ROOT; };
		EA96DD331B5ADDFA000A07AB /* BridgingHeader.h */ = {isa = PBXFileReference; lastKnownFileType = sourcecode.c.h; path = BridgingHeader.h; sourceTree = "<group>"; };
		EA96DD361B5ADE2E000A07AB /* DropboxSDK.framework */ = {isa = PBXFileReference; lastKnownFileType = wrapper.framework; path = DropboxSDK.framework; sourceTree = "<group>"; };
		EA9F10691B51894B0065FA37 /* TextFieldShouldReturn.swift */ = {isa = PBXFileReference; fileEncoding = 4; lastKnownFileType = sourcecode.swift; name = TextFieldShouldReturn.swift; path = Expenses/TextFieldShouldReturn.swift; sourceTree = SOURCE_ROOT; };
		EA9F106B1B518B0C0065FA37 /* DoubleExtension.swift */ = {isa = PBXFileReference; fileEncoding = 4; lastKnownFileType = sourcecode.swift; name = DoubleExtension.swift; path = Expenses/DoubleExtension.swift; sourceTree = SOURCE_ROOT; };
		EAC3547A1B4BA2060088ACF7 /* SettingsViewController.swift */ = {isa = PBXFileReference; fileEncoding = 4; lastKnownFileType = sourcecode.swift; lineEnding = 0; name = SettingsViewController.swift; path = Expenses/SettingsViewController.swift; sourceTree = SOURCE_ROOT; xcLanguageSpecificationIdentifier = xcode.lang.swift; };
		EAEFF59F1B4750B900C70CB1 /* Alamofire.framework */ = {isa = PBXFileReference; lastKnownFileType = wrapper.framework; name = Alamofire.framework; path = "Pods/../build/Debug-iphoneos/Pods/Alamofire.framework"; sourceTree = "<group>"; };
		EAEFF5A01B4750B900C70CB1 /* Pods.framework */ = {isa = PBXFileReference; lastKnownFileType = wrapper.framework; name = Pods.framework; path = "Pods/../build/Debug-iphoneos/Pods.framework"; sourceTree = "<group>"; };
		EAEFF5A11B4750B900C70CB1 /* SwiftyDropbox.framework */ = {isa = PBXFileReference; lastKnownFileType = wrapper.framework; name = SwiftyDropbox.framework; path = "Pods/../build/Debug-iphoneos/Pods/SwiftyDropbox.framework"; sourceTree = "<group>"; };
		EAF9B1C51B4F11AF0065905E /* RealmUtilities.swift */ = {isa = PBXFileReference; fileEncoding = 4; lastKnownFileType = sourcecode.swift; lineEnding = 0; name = RealmUtilities.swift; path = Expenses/RealmUtilities.swift; sourceTree = SOURCE_ROOT; xcLanguageSpecificationIdentifier = xcode.lang.swift; };
/* End PBXFileReference section */

/* Begin PBXFrameworksBuildPhase section */
		EA4B59B51B472457000BE503 /* Frameworks */ = {
			isa = PBXFrameworksBuildPhase;
			buildActionMask = 2147483647;
			files = (
				EA96DD371B5ADE2E000A07AB /* DropboxSDK.framework in Frameworks */,
				4B3ADD5DE8E5911DA477B05B /* Pods.framework in Frameworks */,
			);
			runOnlyForDeploymentPostprocessing = 0;
		};
		EA4B59CA1B472458000BE503 /* Frameworks */ = {
			isa = PBXFrameworksBuildPhase;
			buildActionMask = 2147483647;
			files = (
				EA96DD381B5ADE41000A07AB /* DropboxSDK.framework in Frameworks */,
				E6251210A9C0DDD8FA236AC8 /* Pods.framework in Frameworks */,
			);
			runOnlyForDeploymentPostprocessing = 0;
		};
/* End PBXFrameworksBuildPhase section */

/* Begin PBXGroup section */
		3A33C906E577FD2AF0800F6A /* Frameworks */ = {
			isa = PBXGroup;
			children = (
				EA96DD361B5ADE2E000A07AB /* DropboxSDK.framework */,
				EA01153E1B4752E700EA613C /* Alamofire.framework */,
				EA01153F1B4752E700EA613C /* SwiftyDropbox.framework */,
				EAEFF59F1B4750B900C70CB1 /* Alamofire.framework */,
				EAEFF5A01B4750B900C70CB1 /* Pods.framework */,
				EAEFF5A11B4750B900C70CB1 /* SwiftyDropbox.framework */,
				1B04D7993F9E605EE35BD78F /* Pods.framework */,
			);
			name = Frameworks;
			sourceTree = "<group>";
		};
		68E037ED2F197A68E588622C /* Pods */ = {
			isa = PBXGroup;
			children = (
				6D343559D24EBFBA61C084C6 /* Pods.debug.xcconfig */,
				BF6F2CD0CBBC936C01AD5D32 /* Pods.release.xcconfig */,
			);
			name = Pods;
			sourceTree = "<group>";
		};
		EA003E5D1B5247ED005F4AFA /* Extensions */ = {
			isa = PBXGroup;
			children = (
				EA877CD71B4B0BD100F4B4E8 /* StringExtension.swift */,
				EA9F106B1B518B0C0065FA37 /* DoubleExtension.swift */,
			);
			name = Extensions;
			sourceTree = "<group>";
		};
		EA0B5F1D1B4D97F4007B91FE /* Balance */ = {
			isa = PBXGroup;
			children = (
				EA0B5F1B1B4D97D4007B91FE /* Balance.swift */,
				EA0B5F151B4D95B8007B91FE /* BalanceTests.swift */,
			);
			name = Balance;
			sourceTree = "<group>";
		};
		EA4B59AF1B472457000BE503 = {
			isa = PBXGroup;
			children = (
				EA4B59BA1B472457000BE503 /* Expenses */,
				EA4B59D01B472458000BE503 /* ExpensesTests */,
				EA4B59B91B472457000BE503 /* Products */,
				68E037ED2F197A68E588622C /* Pods */,
				3A33C906E577FD2AF0800F6A /* Frameworks */,
			);
			sourceTree = "<group>";
		};
		EA4B59B91B472457000BE503 /* Products */ = {
			isa = PBXGroup;
			children = (
				EA4B59B81B472457000BE503 /* ExpensesBy2.app */,
				EA4B59CD1B472458000BE503 /* ExpensesTests.xctest */,
			);
			name = Products;
			sourceTree = "<group>";
		};
		EA4B59BA1B472457000BE503 /* Expenses */ = {
			isa = PBXGroup;
			children = (
				EA8CB7411B4DBE1F002BB1EC /* Main.storyboard */,
				EA0B5F1D1B4D97F4007B91FE /* Balance */,
				EA877CD21B4B0BD100F4B4E8 /* Expense.swift */,
				EA0B5F2D1B4DB724007B91FE /* ExpensesTableViewCell.swift */,
				EA877CD41B4B0BD100F4B4E8 /* ExpensesViewController.swift */,
				EA877CD11B4B0BD100F4B4E8 /* ComposeExpenseViewController.swift */,
				EAC3547A1B4BA2060088ACF7 /* SettingsViewController.swift */,
				EA003E5D1B5247ED005F4AFA /* Extensions */,
				EA4B59BB1B472457000BE503 /* Supporting Files */,
			);
			name = Expenses;
			path = "Expenses:2";
			sourceTree = "<group>";
		};
		EA4B59BB1B472457000BE503 /* Supporting Files */ = {
			isa = PBXGroup;
			children = (
				EA877CCC1B4B0BD100F4B4E8 /* Base.lproj */,
				EA877CD51B4B0BD100F4B4E8 /* Images.xcassets */,
				EA0B5F2A1B4DAE25007B91FE /* Localizable.strings */,
				EA877CD61B4B0BD100F4B4E8 /* Info.plist */,
				EA877CCB1B4B0BD100F4B4E8 /* AppDelegate.swift */,
				EA0B5F171B4D95C8007B91FE /* Constants.swift */,
				EA9F10691B51894B0065FA37 /* TextFieldShouldReturn.swift */,
				EAF9B1C51B4F11AF0065905E /* RealmUtilities.swift */,
				EA96DD331B5ADDFA000A07AB /* BridgingHeader.h */,
			);
			name = "Supporting Files";
			sourceTree = "<group>";
		};
		EA4B59D01B472458000BE503 /* ExpensesTests */ = {
			isa = PBXGroup;
			children = (
				EA877CE21B4B0BED00F4B4E8 /* ConvertAmountTests.swift */,
				EA4B59D11B472458000BE503 /* Supporting Files */,
			);
			name = ExpensesTests;
			path = "Expenses:2Tests";
			sourceTree = "<group>";
		};
		EA4B59D11B472458000BE503 /* Supporting Files */ = {
			isa = PBXGroup;
			children = (
				EA877CE41B4B0BED00F4B4E8 /* Info.plist */,
			);
			name = "Supporting Files";
			sourceTree = "<group>";
		};
		EA877CCC1B4B0BD100F4B4E8 /* Base.lproj */ = {
			isa = PBXGroup;
			children = (
				EA877CCD1B4B0BD100F4B4E8 /* LaunchScreen.xib */,
			);
			name = Base.lproj;
			path = Expenses/Base.lproj;
			sourceTree = SOURCE_ROOT;
		};
/* End PBXGroup section */

/* Begin PBXNativeTarget section */
		EA4B59B71B472457000BE503 /* ExpensesBy2 */ = {
			isa = PBXNativeTarget;
			buildConfigurationList = EA4B59D71B472458000BE503 /* Build configuration list for PBXNativeTarget "ExpensesBy2" */;
			buildPhases = (
				914E82A27E4ED15BCFBA9A5B /* Check Pods Manifest.lock */,
				EA4B59B41B472457000BE503 /* Sources */,
				EA4B59B51B472457000BE503 /* Frameworks */,
				EA4B59B61B472457000BE503 /* Resources */,
				38239D387A0674A928066386 /* Embed Pods Frameworks */,
				D29146E19108AC7FBB8CE1FD /* Copy Pods Resources */,
			);
			buildRules = (
			);
			dependencies = (
			);
			name = ExpensesBy2;
			productName = "Expenses:2";
			productReference = EA4B59B81B472457000BE503 /* ExpensesBy2.app */;
			productType = "com.apple.product-type.application";
		};
		EA4B59CC1B472458000BE503 /* ExpensesTests */ = {
			isa = PBXNativeTarget;
			buildConfigurationList = EA4B59DA1B472458000BE503 /* Build configuration list for PBXNativeTarget "ExpensesTests" */;
			buildPhases = (
				A72F9E8A54808EE34E15939A /* Check Pods Manifest.lock */,
				EA4B59C91B472458000BE503 /* Sources */,
				EA4B59CA1B472458000BE503 /* Frameworks */,
				EA4B59CB1B472458000BE503 /* Resources */,
				F358E9D21D7EA7B7E7016C00 /* Embed Pods Frameworks */,
				6C7E431FC6341844542F0D53 /* Copy Pods Resources */,
			);
			buildRules = (
			);
			dependencies = (
				EA4B59CF1B472458000BE503 /* PBXTargetDependency */,
			);
			name = ExpensesTests;
			productName = "Expenses:2Tests";
			productReference = EA4B59CD1B472458000BE503 /* ExpensesTests.xctest */;
			productType = "com.apple.product-type.bundle.unit-test";
		};
/* End PBXNativeTarget section */

/* Begin PBXProject section */
		EA4B59B01B472457000BE503 /* Project object */ = {
			isa = PBXProject;
			attributes = {
				LastUpgradeCheck = 0640;
				ORGANIZATIONNAME = TM;
				TargetAttributes = {
					EA4B59B71B472457000BE503 = {
						CreatedOnToolsVersion = 6.4;
						DevelopmentTeam = 4C34FT6ABU;
						SystemCapabilities = {
							com.apple.iCloud = {
								enabled = 0;
							};
						};
					};
					EA4B59CC1B472458000BE503 = {
						CreatedOnToolsVersion = 6.4;
						TestTargetID = EA4B59B71B472457000BE503;
					};
				};
			};
			buildConfigurationList = EA4B59B31B472457000BE503 /* Build configuration list for PBXProject "Expenses" */;
			compatibilityVersion = "Xcode 3.2";
			developmentRegion = English;
			hasScannedForEncodings = 0;
			knownRegions = (
				en,
				Base,
			);
			mainGroup = EA4B59AF1B472457000BE503;
			productRefGroup = EA4B59B91B472457000BE503 /* Products */;
			projectDirPath = "";
			projectRoot = "";
			targets = (
				EA4B59B71B472457000BE503 /* ExpensesBy2 */,
				EA4B59CC1B472458000BE503 /* ExpensesTests */,
			);
		};
/* End PBXProject section */

/* Begin PBXResourcesBuildPhase section */
		EA4B59B61B472457000BE503 /* Resources */ = {
			isa = PBXResourcesBuildPhase;
			buildActionMask = 2147483647;
			files = (
				EA877CD91B4B0BD100F4B4E8 /* LaunchScreen.xib in Resources */,
				EA0B5F281B4DAE25007B91FE /* Localizable.strings in Resources */,
				EA877CDF1B4B0BD100F4B4E8 /* Images.xcassets in Resources */,
				EA8CB7431B4DBE1F002BB1EC /* Main.storyboard in Resources */,
			);
			runOnlyForDeploymentPostprocessing = 0;
		};
		EA4B59CB1B472458000BE503 /* Resources */ = {
			isa = PBXResourcesBuildPhase;
			buildActionMask = 2147483647;
			files = (
			);
			runOnlyForDeploymentPostprocessing = 0;
		};
/* End PBXResourcesBuildPhase section */

/* Begin PBXShellScriptBuildPhase section */
		38239D387A0674A928066386 /* Embed Pods Frameworks */ = {
			isa = PBXShellScriptBuildPhase;
			buildActionMask = 2147483647;
			files = (
			);
			inputPaths = (
			);
			name = "Embed Pods Frameworks";
			outputPaths = (
			);
			runOnlyForDeploymentPostprocessing = 0;
			shellPath = /bin/sh;
			shellScript = "\"${SRCROOT}/Pods/Target Support Files/Pods/Pods-frameworks.sh\"\n";
			showEnvVarsInLog = 0;
		};
		6C7E431FC6341844542F0D53 /* Copy Pods Resources */ = {
			isa = PBXShellScriptBuildPhase;
			buildActionMask = 2147483647;
			files = (
			);
			inputPaths = (
			);
			name = "Copy Pods Resources";
			outputPaths = (
			);
			runOnlyForDeploymentPostprocessing = 0;
			shellPath = /bin/sh;
			shellScript = "\"${SRCROOT}/Pods/Target Support Files/Pods/Pods-resources.sh\"\n";
			showEnvVarsInLog = 0;
		};
		914E82A27E4ED15BCFBA9A5B /* Check Pods Manifest.lock */ = {
			isa = PBXShellScriptBuildPhase;
			buildActionMask = 2147483647;
			files = (
			);
			inputPaths = (
			);
			name = "Check Pods Manifest.lock";
			outputPaths = (
			);
			runOnlyForDeploymentPostprocessing = 0;
			shellPath = /bin/sh;
			shellScript = "diff \"${PODS_ROOT}/../Podfile.lock\" \"${PODS_ROOT}/Manifest.lock\" > /dev/null\nif [[ $? != 0 ]] ; then\n    cat << EOM\nerror: The sandbox is not in sync with the Podfile.lock. Run 'pod install' or update your CocoaPods installation.\nEOM\n    exit 1\nfi\n";
			showEnvVarsInLog = 0;
		};
		A72F9E8A54808EE34E15939A /* Check Pods Manifest.lock */ = {
			isa = PBXShellScriptBuildPhase;
			buildActionMask = 2147483647;
			files = (
			);
			inputPaths = (
			);
			name = "Check Pods Manifest.lock";
			outputPaths = (
			);
			runOnlyForDeploymentPostprocessing = 0;
			shellPath = /bin/sh;
			shellScript = "diff \"${PODS_ROOT}/../Podfile.lock\" \"${PODS_ROOT}/Manifest.lock\" > /dev/null\nif [[ $? != 0 ]] ; then\n    cat << EOM\nerror: The sandbox is not in sync with the Podfile.lock. Run 'pod install' or update your CocoaPods installation.\nEOM\n    exit 1\nfi\n";
			showEnvVarsInLog = 0;
		};
		D29146E19108AC7FBB8CE1FD /* Copy Pods Resources */ = {
			isa = PBXShellScriptBuildPhase;
			buildActionMask = 2147483647;
			files = (
			);
			inputPaths = (
			);
			name = "Copy Pods Resources";
			outputPaths = (
			);
			runOnlyForDeploymentPostprocessing = 0;
			shellPath = /bin/sh;
			shellScript = "\"${SRCROOT}/Pods/Target Support Files/Pods/Pods-resources.sh\"\n";
			showEnvVarsInLog = 0;
		};
		F358E9D21D7EA7B7E7016C00 /* Embed Pods Frameworks */ = {
			isa = PBXShellScriptBuildPhase;
			buildActionMask = 2147483647;
			files = (
			);
			inputPaths = (
			);
			name = "Embed Pods Frameworks";
			outputPaths = (
			);
			runOnlyForDeploymentPostprocessing = 0;
			shellPath = /bin/sh;
			shellScript = "\"${SRCROOT}/Pods/Target Support Files/Pods/Pods-frameworks.sh\"\n";
			showEnvVarsInLog = 0;
		};
/* End PBXShellScriptBuildPhase section */

/* Begin PBXSourcesBuildPhase section */
		EA4B59B41B472457000BE503 /* Sources */ = {
			isa = PBXSourcesBuildPhase;
			buildActionMask = 2147483647;
			files = (
				EA877CDE1B4B0BD100F4B4E8 /* ExpensesViewController.swift in Sources */,
				EAC3547B1B4BA2060088ACF7 /* SettingsViewController.swift in Sources */,
				EA877CDB1B4B0BD100F4B4E8 /* ComposeExpenseViewController.swift in Sources */,
				EA877CD81B4B0BD100F4B4E8 /* AppDelegate.swift in Sources */,
				EA877CE11B4B0BD100F4B4E8 /* StringExtension.swift in Sources */,
				EA9F106A1B51894B0065FA37 /* TextFieldShouldReturn.swift in Sources */,
				EA877CDC1B4B0BD100F4B4E8 /* Expense.swift in Sources */,
				EA9F106C1B518B0C0065FA37 /* DoubleExtension.swift in Sources */,
				EA0B5F1C1B4D97D4007B91FE /* Balance.swift in Sources */,
				EA0B5F2E1B4DB724007B91FE /* ExpensesTableViewCell.swift in Sources */,
				EAF9B1C61B4F11AF0065905E /* RealmUtilities.swift in Sources */,
				EA0B5F181B4D95C8007B91FE /* Constants.swift in Sources */,
			);
			runOnlyForDeploymentPostprocessing = 0;
		};
		EA4B59C91B472458000BE503 /* Sources */ = {
			isa = PBXSourcesBuildPhase;
			buildActionMask = 2147483647;
			files = (
				EA210A1D1B55B1710060711F /* DoubleExtension.swift in Sources */,
				EA877CE81B4B0BF800F4B4E8 /* ConvertAmountTests.swift in Sources */,
				EA877CEB1B4B0C3D00F4B4E8 /* StringExtension.swift in Sources */,
				EA0B5F161B4D95B8007B91FE /* BalanceTests.swift in Sources */,
				EA0B5F2C1B4DAF24007B91FE /* Constants.swift in Sources */,
			);
			runOnlyForDeploymentPostprocessing = 0;
		};
/* End PBXSourcesBuildPhase section */

/* Begin PBXTargetDependency section */
		EA4B59CF1B472458000BE503 /* PBXTargetDependency */ = {
			isa = PBXTargetDependency;
			target = EA4B59B71B472457000BE503 /* ExpensesBy2 */;
			targetProxy = EA4B59CE1B472458000BE503 /* PBXContainerItemProxy */;
		};
/* End PBXTargetDependency section */

/* Begin PBXVariantGroup section */
		EA0B5F2A1B4DAE25007B91FE /* Localizable.strings */ = {
			isa = PBXVariantGroup;
			children = (
				EA0B5F291B4DAE25007B91FE /* Base */,
			);
			name = Localizable.strings;
			path = Expenses;
			sourceTree = SOURCE_ROOT;
		};
		EA877CCD1B4B0BD100F4B4E8 /* LaunchScreen.xib */ = {
			isa = PBXVariantGroup;
			children = (
				EA877CCE1B4B0BD100F4B4E8 /* Base */,
			);
			name = LaunchScreen.xib;
			sourceTree = "<group>";
		};
		EA8CB7411B4DBE1F002BB1EC /* Main.storyboard */ = {
			isa = PBXVariantGroup;
			children = (
				EA8CB7421B4DBE1F002BB1EC /* Base */,
			);
			name = Main.storyboard;
			sourceTree = "<group>";
		};
/* End PBXVariantGroup section */

/* Begin XCBuildConfiguration section */
		EA4B59D51B472458000BE503 /* Debug */ = {
			isa = XCBuildConfiguration;
			buildSettings = {
				ALWAYS_SEARCH_USER_PATHS = NO;
				CLANG_CXX_LANGUAGE_STANDARD = "gnu++0x";
				CLANG_CXX_LIBRARY = "libc++";
				CLANG_ENABLE_MODULES = YES;
				CLANG_ENABLE_OBJC_ARC = YES;
				CLANG_WARN_BOOL_CONVERSION = YES;
				CLANG_WARN_CONSTANT_CONVERSION = YES;
				CLANG_WARN_DIRECT_OBJC_ISA_USAGE = YES_ERROR;
				CLANG_WARN_EMPTY_BODY = YES;
				CLANG_WARN_ENUM_CONVERSION = YES;
				CLANG_WARN_INT_CONVERSION = YES;
				CLANG_WARN_OBJC_ROOT_CLASS = YES_ERROR;
				CLANG_WARN_UNREACHABLE_CODE = YES;
				CLANG_WARN__DUPLICATE_METHOD_MATCH = YES;
				"CODE_SIGN_IDENTITY[sdk=iphoneos*]" = "iPhone Developer";
				COPY_PHASE_STRIP = NO;
				DEBUG_INFORMATION_FORMAT = "dwarf-with-dsym";
				ENABLE_STRICT_OBJC_MSGSEND = YES;
				GCC_C_LANGUAGE_STANDARD = gnu99;
				GCC_DYNAMIC_NO_PIC = NO;
				GCC_NO_COMMON_BLOCKS = YES;
				GCC_OPTIMIZATION_LEVEL = 0;
				GCC_PREPROCESSOR_DEFINITIONS = (
					"DEBUG=1",
					"$(inherited)",
				);
				GCC_SYMBOLS_PRIVATE_EXTERN = NO;
				GCC_WARN_64_TO_32_BIT_CONVERSION = YES;
				GCC_WARN_ABOUT_RETURN_TYPE = YES_ERROR;
				GCC_WARN_UNDECLARED_SELECTOR = YES;
				GCC_WARN_UNINITIALIZED_AUTOS = YES_AGGRESSIVE;
				GCC_WARN_UNUSED_FUNCTION = YES;
				GCC_WARN_UNUSED_VARIABLE = YES;
				IPHONEOS_DEPLOYMENT_TARGET = 8.0;
				MTL_ENABLE_DEBUG_INFO = YES;
				ONLY_ACTIVE_ARCH = YES;
				SDKROOT = iphoneos;
				SWIFT_OBJC_BRIDGING_HEADER = BridgingHeader.h;
				SWIFT_OPTIMIZATION_LEVEL = "-Onone";
				TARGETED_DEVICE_FAMILY = "1,2";
			};
			name = Debug;
		};
		EA4B59D61B472458000BE503 /* Release */ = {
			isa = XCBuildConfiguration;
			buildSettings = {
				ALWAYS_SEARCH_USER_PATHS = NO;
				CLANG_CXX_LANGUAGE_STANDARD = "gnu++0x";
				CLANG_CXX_LIBRARY = "libc++";
				CLANG_ENABLE_MODULES = YES;
				CLANG_ENABLE_OBJC_ARC = YES;
				CLANG_WARN_BOOL_CONVERSION = YES;
				CLANG_WARN_CONSTANT_CONVERSION = YES;
				CLANG_WARN_DIRECT_OBJC_ISA_USAGE = YES_ERROR;
				CLANG_WARN_EMPTY_BODY = YES;
				CLANG_WARN_ENUM_CONVERSION = YES;
				CLANG_WARN_INT_CONVERSION = YES;
				CLANG_WARN_OBJC_ROOT_CLASS = YES_ERROR;
				CLANG_WARN_UNREACHABLE_CODE = YES;
				CLANG_WARN__DUPLICATE_METHOD_MATCH = YES;
				"CODE_SIGN_IDENTITY[sdk=iphoneos*]" = "iPhone Developer";
				COPY_PHASE_STRIP = NO;
				DEBUG_INFORMATION_FORMAT = "dwarf-with-dsym";
				ENABLE_NS_ASSERTIONS = NO;
				ENABLE_STRICT_OBJC_MSGSEND = YES;
				GCC_C_LANGUAGE_STANDARD = gnu99;
				GCC_NO_COMMON_BLOCKS = YES;
				GCC_WARN_64_TO_32_BIT_CONVERSION = YES;
				GCC_WARN_ABOUT_RETURN_TYPE = YES_ERROR;
				GCC_WARN_UNDECLARED_SELECTOR = YES;
				GCC_WARN_UNINITIALIZED_AUTOS = YES_AGGRESSIVE;
				GCC_WARN_UNUSED_FUNCTION = YES;
				GCC_WARN_UNUSED_VARIABLE = YES;
				IPHONEOS_DEPLOYMENT_TARGET = 8.0;
				MTL_ENABLE_DEBUG_INFO = NO;
				SDKROOT = iphoneos;
				SWIFT_OBJC_BRIDGING_HEADER = BridgingHeader.h;
				TARGETED_DEVICE_FAMILY = "1,2";
				VALIDATE_PRODUCT = YES;
			};
			name = Release;
		};
		EA4B59D81B472458000BE503 /* Debug */ = {
			isa = XCBuildConfiguration;
			baseConfigurationReference = 6D343559D24EBFBA61C084C6 /* Pods.debug.xcconfig */;
			buildSettings = {
				ASSETCATALOG_COMPILER_APPICON_NAME = AppIcon;
				CLANG_ENABLE_MODULES = YES;
				CODE_SIGN_ENTITLEMENTS = ExpensesBy2.entitlements;
				CODE_SIGN_IDENTITY = "iPhone Developer";
				"CODE_SIGN_IDENTITY[sdk=iphoneos*]" = "iPhone Developer";
				FRAMEWORK_SEARCH_PATHS = (
					"$(inherited)",
					"$(PROJECT_DIR)",
				);
				INFOPLIST_FILE = Expenses/Info.plist;
				IPHONEOS_DEPLOYMENT_TARGET = 8.0;
				LD_RUNPATH_SEARCH_PATHS = "$(inherited) @executable_path/Frameworks";
				PRODUCT_NAME = ExpensesBy2;
				PROVISIONING_PROFILE = "";
				SWIFT_OBJC_BRIDGING_HEADER = BridgingHeader.h;
				SWIFT_OPTIMIZATION_LEVEL = "-Onone";
			};
			name = Debug;
		};
		EA4B59D91B472458000BE503 /* Release */ = {
			isa = XCBuildConfiguration;
			baseConfigurationReference = BF6F2CD0CBBC936C01AD5D32 /* Pods.release.xcconfig */;
			buildSettings = {
				ASSETCATALOG_COMPILER_APPICON_NAME = AppIcon;
				CLANG_ENABLE_MODULES = YES;
				CODE_SIGN_ENTITLEMENTS = ExpensesBy2.entitlements;
				CODE_SIGN_IDENTITY = "iPhone Developer";
				"CODE_SIGN_IDENTITY[sdk=iphoneos*]" = "iPhone Developer";
				FRAMEWORK_SEARCH_PATHS = (
					"$(inherited)",
					"$(PROJECT_DIR)",
				);
				INFOPLIST_FILE = Expenses/Info.plist;
				IPHONEOS_DEPLOYMENT_TARGET = 8.0;
				LD_RUNPATH_SEARCH_PATHS = "$(inherited) @executable_path/Frameworks";
				PRODUCT_NAME = ExpensesBy2;
				PROVISIONING_PROFILE = "";
				SWIFT_OBJC_BRIDGING_HEADER = BridgingHeader.h;
			};
			name = Release;
		};
		EA4B59DB1B472458000BE503 /* Debug */ = {
			isa = XCBuildConfiguration;
			baseConfigurationReference = 6D343559D24EBFBA61C084C6 /* Pods.debug.xcconfig */;
			buildSettings = {
				BUNDLE_LOADER = "$(TEST_HOST)";
				CLANG_ENABLE_MODULES = YES;
				FRAMEWORK_SEARCH_PATHS = (
					"$(SDKROOT)/Developer/Library/Frameworks",
					"$(inherited)",
					"$(PROJECT_DIR)",
				);
				GCC_PREPROCESSOR_DEFINITIONS = (
					"DEBUG=1",
					"$(inherited)",
				);
				INFOPLIST_FILE = ExpensesTests/Info.plist;
				LD_RUNPATH_SEARCH_PATHS = "$(inherited) @executable_path/Frameworks @loader_path/Frameworks";
				PRODUCT_NAME = ExpensesTests;
				SWIFT_OPTIMIZATION_LEVEL = "-Onone";
				TEST_HOST = "$(BUILT_PRODUCTS_DIR)/ExpensesBy2.app/ExpensesBy2";
			};
			name = Debug;
		};
		EA4B59DC1B472458000BE503 /* Release */ = {
			isa = XCBuildConfiguration;
			baseConfigurationReference = BF6F2CD0CBBC936C01AD5D32 /* Pods.release.xcconfig */;
			buildSettings = {
				BUNDLE_LOADER = "$(TEST_HOST)";
				CLANG_ENABLE_MODULES = YES;
				FRAMEWORK_SEARCH_PATHS = (
					"$(SDKROOT)/Developer/Library/Frameworks",
					"$(inherited)",
					"$(PROJECT_DIR)",
				);
				INFOPLIST_FILE = ExpensesTests/Info.plist;
				LD_RUNPATH_SEARCH_PATHS = "$(inherited) @executable_path/Frameworks @loader_path/Frameworks";
				PRODUCT_NAME = ExpensesTests;
				TEST_HOST = "$(BUILT_PRODUCTS_DIR)/ExpensesBy2.app/ExpensesBy2";
			};
			name = Release;
		};
/* End XCBuildConfiguration section */

/* Begin XCConfigurationList section */
		EA4B59B31B472457000BE503 /* Build configuration list for PBXProject "Expenses" */ = {
			isa = XCConfigurationList;
			buildConfigurations = (
				EA4B59D51B472458000BE503 /* Debug */,
				EA4B59D61B472458000BE503 /* Release */,
			);
			defaultConfigurationIsVisible = 0;
			defaultConfigurationName = Release;
		};
		EA4B59D71B472458000BE503 /* Build configuration list for PBXNativeTarget "ExpensesBy2" */ = {
			isa = XCConfigurationList;
			buildConfigurations = (
				EA4B59D81B472458000BE503 /* Debug */,
				EA4B59D91B472458000BE503 /* Release */,
			);
			defaultConfigurationIsVisible = 0;
			defaultConfigurationName = Release;
		};
		EA4B59DA1B472458000BE503 /* Build configuration list for PBXNativeTarget "ExpensesTests" */ = {
			isa = XCConfigurationList;
			buildConfigurations = (
				EA4B59DB1B472458000BE503 /* Debug */,
				EA4B59DC1B472458000BE503 /* Release */,
			);
			defaultConfigurationIsVisible = 0;
			defaultConfigurationName = Release;
		};
/* End XCConfigurationList section */
	};
	rootObject = EA4B59B01B472457000BE503 /* Project object */;
}
